
Microsoft Visual Studio Solution File, Format Version 11.00
# Visual Studio 2010
Project("{FAE04EC0-301F-11D3-BF4B-00C04F79EFBC}") = "Assembly-CSharp", "Assembly-CSharp.csproj", "{7f1a4992-104d-404f-f5da-c71d5076b058}"
EndProject
Project("{FAE04EC0-301F-11D3-BF4B-00C04F79EFBC}") = "Assembly-CSharp-Editor", "Assembly-CSharp-Editor.csproj", "{ddd41eea-d433-262a-156e-86d0b30f4c2e}"
EndProject
Global
	GlobalSection(SolutionConfigurationPlatforms) = preSolution
		Debug|Any CPU = Debug|Any CPU
		Release|Any CPU = Release|Any CPU
	EndGlobalSection
	GlobalSection(ProjectConfigurationPlatforms) = postSolution
		{7f1a4992-104d-404f-f5da-c71d5076b058}.Debug|Any CPU.ActiveCfg = Debug|Any CPU
		{7f1a4992-104d-404f-f5da-c71d5076b058}.Debug|Any CPU.Build.0 = Debug|Any CPU
		{7f1a4992-104d-404f-f5da-c71d5076b058}.Release|Any CPU.ActiveCfg = Release|Any CPU
		{7f1a4992-104d-404f-f5da-c71d5076b058}.Release|Any CPU.Build.0 = Release|Any CPU
		{ddd41eea-d433-262a-156e-86d0b30f4c2e}.Debug|Any CPU.ActiveCfg = Debug|Any CPU
		{ddd41eea-d433-262a-156e-86d0b30f4c2e}.Debug|Any CPU.Build.0 = Debug|Any CPU
		{ddd41eea-d433-262a-156e-86d0b30f4c2e}.Release|Any CPU.ActiveCfg = Release|Any CPU
		{ddd41eea-d433-262a-156e-86d0b30f4c2e}.Release|Any CPU.Build.0 = Release|Any CPU
	EndGlobalSection
	GlobalSection(SolutionProperties) = preSolution
		HideSolutionNode = FALSE
	EndGlobalSection
EndGlobal
